# This file was autogenerated by Stack.
# You should not edit this file by hand.
# For more information, please see the documentation at:
#   https://docs.haskellstack.org/en/stable/topics/lock_files

packages:
- completed:
    commit: a3adca030e318c5bf5b26077f1587712b947db9f
    git: https://github.com/stepa1000/adjunction-combinators.git
    name: adjunction-combinators
    pantry-tree:
      sha256: 4dce8628bf950b1c13699f450adb6a7265cdb1455922185e999f30856b70856a
      size: 3610
    version: 0.1.0.0
  original:
    commit: a3adca030e318c5bf5b26077f1587712b947db9f
    git: https://github.com/stepa1000/adjunction-combinators.git
- completed:
    commit: bb1589221de5f2506a167b7fdf9d667cee6a5d7f
    git: https://github.com/stepa1000/coandkleisli.git
    name: coandkleisli
    pantry-tree:
      sha256: ca49bea470ce11a24d71f372c7e57626cdac10d96cb2806c52737d4fdb281b56
      size: 580
    version: 0.1.0.0
  original:
    commit: bb1589221de5f2506a167b7fdf9d667cee6a5d7f
    git: https://github.com/stepa1000/coandkleisli.git
- completed:
    commit: d47c29187e5f0c616b992f296e83d0f3253832d3
    git: https://github.com/stepa1000/free-profunctor.git
    name: free-profunctor
    pantry-tree:
      sha256: 4518bd2b8f419159b2584360ddbb117da71451cef7c20ea141372c7bd14b36fe
      size: 730
    version: 0.1.0.0
  original:
    commit: d47c29187e5f0c616b992f296e83d0f3253832d3
    git: https://github.com/stepa1000/free-profunctor.git
- completed:
    commit: 6ae87703d11ab4aac8ff47d6acf347fe3cc055da
    git: https://github.com/stepa1000/fgl.git
    name: fgl
    pantry-tree:
      sha256: 45c3bfe0345e9361de1012cf0cc2faf1902fd5c4c4ed809e100f1b7ebf3e5996
      size: 3359
    version: 5.8.2.0
  original:
    commit: 6ae87703d11ab4aac8ff47d6acf347fe3cc055da
    git: https://github.com/stepa1000/fgl.git
- completed:
    hackage: GLUT-2.7.0.16@sha256:c31fd94b840d3ddbde8afab035a8fb66243cfd4111dca886c4de530a1245d575,24158
    pantry-tree:
      sha256: 80b05dce85e2884b042486af196c38d695a0c6993602a34fa5674d053034d6b9
      size: 9538
  original:
    hackage: GLUT-2.7.0.16@sha256:c31fd94b840d3ddbde8afab035a8fb66243cfd4111dca886c4de530a1245d575,24158
- completed:
    hackage: OneTuple-0.4.2.1@sha256:97ed6715380e1be032cf3a8380921a757b52b8e20038139fddaccd8ccd9b8d1a,1985
    pantry-tree:
      sha256: 7bd99258b5debdd34a7517ceba6e0305bdfe09b10e5289cfebc2436bbec0da47
      size: 506
  original:
    hackage: OneTuple-0.4.2.1@sha256:97ed6715380e1be032cf3a8380921a757b52b8e20038139fddaccd8ccd9b8d1a,1985
- completed:
    hackage: OpenGL-3.0.3.0@sha256:bcd8a08d9e2679b28faffffa71e3c7cc101bb72d7518ead85155dd3a194a2988,7875
    pantry-tree:
      sha256: 7c0e2739e9c16b1658e5f2a9a2848b36c92fd854a138cbfa53a4473c23a739eb
      size: 11166
  original:
    hackage: OpenGL-3.0.3.0@sha256:bcd8a08d9e2679b28faffffa71e3c7cc101bb72d7518ead85155dd3a194a2988,7875
- completed:
    hackage: QuickCheck-2.16.0.0@sha256:f4210647167f873196b01050ac074a44821b6687e26f792ad3474b6388c5f8b7,9208
    pantry-tree:
      sha256: d9ad9ff0ac7979e9ad808bd3485d17da1a386dda43a5c81b48901a0360290d81
      size: 2627
  original:
    hackage: QuickCheck-2.16.0.0@sha256:f4210647167f873196b01050ac074a44821b6687e26f792ad3474b6388c5f8b7,9208
- completed:
    hackage: StateVar-1.2.2@sha256:3c022c00485fe165e3080d5da6b3ca9c9b02f62c5deebc584d1b3d1309ce673e,1673
    pantry-tree:
      sha256: 204cac98219e99334f47b12c565945611748ea03a4d629273dd697d738bcfd7f
      size: 314
  original:
    hackage: StateVar-1.2.2@sha256:3c022c00485fe165e3080d5da6b3ca9c9b02f62c5deebc584d1b3d1309ce673e,1673
- completed:
    hackage: assoc-1.1.1@sha256:766b1040eda5255bfcf10e1a9859c06d0ed6ad0e2ac87ed915bb035574d10ae4,1437
    pantry-tree:
      sha256: 428d036445217eea9eb59e6fc8377b26841b01aaad8790eef4e761f6bd91df59
      size: 290
  original:
    hackage: assoc-1.1.1@sha256:766b1040eda5255bfcf10e1a9859c06d0ed6ad0e2ac87ed915bb035574d10ae4,1437
- completed:
    hackage: base-orphans-0.9.4@sha256:001f2b3094b7a1b00e9fd5dcc519a62b8b147a1754bf550fa42601ff868e2b65,3241
    pantry-tree:
      sha256: 95d208040e82bbbb1cfc7d8f53012809c25956bbb7307e162b74db3a4a662367
      size: 1273
  original:
    hackage: base-orphans-0.9.4@sha256:001f2b3094b7a1b00e9fd5dcc519a62b8b147a1754bf550fa42601ff868e2b65,3241
- completed:
    hackage: bmp-1.2.6.4@sha256:454afd2876cbd54582207d8efbeae6b02af33eaf9ee80ec1f724695fc73985e9,1377
    pantry-tree:
      sha256: 9eae83f5dad5faef8cc4769f62cd308bc12a7c29ab0eac09226bfee11eded2e6
      size: 882
  original:
    hackage: bmp-1.2.6.4@sha256:454afd2876cbd54582207d8efbeae6b02af33eaf9ee80ec1f724695fc73985e9,1377
- completed:
    hackage: boring-0.2.2@sha256:f6d705c30830a337862210f12c4ce38d5ab4d3660631e0214b504f10815a2e8d,1779
    pantry-tree:
      sha256: c5af50382f9ef51f4ac4082464e22a5a665f767009d3884fa32fbd2bf73cbbaa
      size: 216
  original:
    hackage: boring-0.2.2@sha256:f6d705c30830a337862210f12c4ce38d5ab4d3660631e0214b504f10815a2e8d,1779
- completed:
    hackage: bytes-0.17.5@sha256:39cd011319dab4feb63f77e6d90f32c2b8fb06e0bbe95875f0258a8c48113b55,2164
    pantry-tree:
      sha256: 5ff13f49267d256103626e59c950f16b20e858261d66b6761c452a901d95d40f
      size: 844
  original:
    hackage: bytes-0.17.5@sha256:39cd011319dab4feb63f77e6d90f32c2b8fb06e0bbe95875f0258a8c48113b55,2164
- completed:
    hackage: call-stack-0.4.0@sha256:ac44d2c00931dc20b01750da8c92ec443eb63a7231e8550188cb2ac2385f7feb,1200
    pantry-tree:
      sha256: 04134fa69cdd824b4e4bb7f77e7173e0705f27deabdbbf99549c549400191e1e
      size: 501
  original:
    hackage: call-stack-0.4.0@sha256:ac44d2c00931dc20b01750da8c92ec443eb63a7231e8550188cb2ac2385f7feb,1200
- completed:
    hackage: cereal-0.5.8.3@sha256:87a227c7b510217ea059db3dd59d9665edd8f0d1d3d8de39458e371a1d9402fb,2767
    pantry-tree:
      sha256: 2d570ae699908d131b63fe176115809982f86ec4589cdbf42848aa2ca79209cb
      size: 641
  original:
    hackage: cereal-0.5.8.3@sha256:87a227c7b510217ea059db3dd59d9665edd8f0d1d3d8de39458e371a1d9402fb,2767
- completed:
    hackage: character-ps-0.1@sha256:b38ed1c07ae49e7461e44ca1d00c9ca24d1dcb008424ccd919916f92fd48d9fe,1315
    pantry-tree:
      sha256: 22d98d7c8b4c2bb9cb7fe429adf52bfed0c18269eac146b1e591c5941e26161a
      size: 382
  original:
    hackage: character-ps-0.1@sha256:b38ed1c07ae49e7461e44ca1d00c9ca24d1dcb008424ccd919916f92fd48d9fe,1315
- completed:
    hackage: clock-0.8.4@sha256:b938655b00cf204ce69abfff946021bed111d2609a9f7a9c22e28a1a202e9115,4631
    pantry-tree:
      sha256: 0ca511f7ea409e65a9de5539f265bb906a3eec6a4ac1a201731a8a328120cc88
      size: 499
  original:
    hackage: clock-0.8.4@sha256:b938655b00cf204ce69abfff946021bed111d2609a9f7a9c22e28a1a202e9115,4631
- completed:
    hackage: cryptohash-md5-0.11.101.0@sha256:2e42586d73bdb149bde829e37b6546d84e60d7fb49c93320633b71c25f4dee54,3086
    pantry-tree:
      sha256: 0d5d9a4c68dcca89e7341df52626baf599dd779df2c921ff2e9d68ffc04e13e6
      size: 571
  original:
    hackage: cryptohash-md5-0.11.101.0@sha256:2e42586d73bdb149bde829e37b6546d84e60d7fb49c93320633b71c25f4dee54,3086
- completed:
    hackage: cryptohash-sha1-0.11.101.0@sha256:2bdf29dbd896bca86bf198c882fa8df1cb31843b71f2907e059b7c10bce0adb3,3085
    pantry-tree:
      sha256: 01561c1bc3eb1380548b1c04cb2ea052db6e79ea9ac32c78f227e6599a2e466f
      size: 577
  original:
    hackage: cryptohash-sha1-0.11.101.0@sha256:2bdf29dbd896bca86bf198c882fa8df1cb31843b71f2907e059b7c10bce0adb3,3085
- completed:
    hackage: data-fix-0.3.4@sha256:200360c49cc81cf8b8bbdf49afd4aee03fffd09d3395b080a7e7c65fcf01d313,1421
    pantry-tree:
      sha256: f7edf89375cd789203cb8633c166a45b9392dd901aeff7788a13dfbb59c2b849
      size: 262
  original:
    hackage: data-fix-0.3.4@sha256:200360c49cc81cf8b8bbdf49afd4aee03fffd09d3395b080a7e7c65fcf01d313,1421
- completed:
    hackage: dlist-1.0@sha256:854727594c5a816ab3d10f15b1bc4fedaf9e3f7d1ef517a2bb9011f29ba261d2,3942
    pantry-tree:
      sha256: 2793d1aea6d4471ae237bdac0c980a8226ba0532480859aebb61a425bcc0d085
      size: 953
  original:
    hackage: dlist-1.0@sha256:854727594c5a816ab3d10f15b1bc4fedaf9e3f7d1ef517a2bb9011f29ba261d2,3942
- completed:
    hackage: dotgen-0.4.3@sha256:6045b1243f1b716d0cd67198f0cd75d96db9f63c5cc0826d05e0dc855fcbf9d0,1874
    pantry-tree:
      sha256: 09cabbae2ccd2615fc2b532136334be336ba7da924d592df79702bf075ecbd21
      size: 358
  original:
    hackage: dotgen-0.4.3@sha256:6045b1243f1b716d0cd67198f0cd75d96db9f63c5cc0826d05e0dc855fcbf9d0,1874
- completed:
    hackage: entropy-0.4.1.11@sha256:1b9b1a7282ba6d7671e6d7a9be84cc18c40a3a480cef621927a8e4c66ec47913,2935
    pantry-tree:
      sha256: 0314feea2035559273d7e2bedfb199042a86f41ec9b014a852ba0bf134f1c52a
      size: 682
  original:
    hackage: entropy-0.4.1.11@sha256:1b9b1a7282ba6d7671e6d7a9be84cc18c40a3a480cef621927a8e4c66ec47913,2935
- completed:
    hackage: generic-lens-core-2.3.0.0@sha256:8837e26a0ed6b7c7872bcdabe610ba329d880c7a9c99b5e4bcb9348d46639738,3067
    pantry-tree:
      sha256: 63644aa0f695dd7beb47cbfc97019830253472a851007da98902a2b652e8aaf9
      size: 2202
  original:
    hackage: generic-lens-core-2.3.0.0@sha256:8837e26a0ed6b7c7872bcdabe610ba329d880c7a9c99b5e4bcb9348d46639738,3067
- completed:
    hackage: generically-0.1.1@sha256:7fe415234d455eb58402477899ac969e46374d0baab09e8ddd319f6394a4a369,1203
    pantry-tree:
      sha256: 9dfb15a4ab7e169f4085c457c7790e5cfe6a2ce8e1380fecbb07c472757be5c2
      size: 233
  original:
    hackage: generically-0.1.1@sha256:7fe415234d455eb58402477899ac969e46374d0baab09e8ddd319f6394a4a369,1203
- completed:
    hackage: gloss-rendering-1.13.2.1@sha256:a121fdbc789bfa788ab5acdad8315207aae6bea9a004be3c60fcb53187242418,1706
    pantry-tree:
      sha256: 6e004ea1d9feaf2d60cc65784e1cbff0a8afeafe44c5c1d163cf9a14ae7a4525
      size: 981
  original:
    hackage: gloss-rendering-1.13.2.1@sha256:a121fdbc789bfa788ab5acdad8315207aae6bea9a004be3c60fcb53187242418,1706
- completed:
    hackage: indexed-traversable-0.1.4@sha256:42d9e84a65a0c17c248233cab98ada872ff6140dfa24d109d6eb285204d07e7d,2098
    pantry-tree:
      sha256: d3e9e60aede3658838fa552646552212f01a3cba19bd50397c86795a28d67b27
      size: 625
  original:
    hackage: indexed-traversable-0.1.4@sha256:42d9e84a65a0c17c248233cab98ada872ff6140dfa24d109d6eb285204d07e7d,2098
- completed:
    hackage: indexed-traversable-instances-0.1.2@sha256:68df0fc8070ae2c15f9e6febf1449fee364c131a6d1e93cac45e7895ba86dd89,2401
    pantry-tree:
      sha256: 5d8873d51e28d42eebe7c13e3acb5e8a7ddfc2dd42ad011c96bb47b94b1f6b2e
      size: 366
  original:
    hackage: indexed-traversable-instances-0.1.2@sha256:68df0fc8070ae2c15f9e6febf1449fee364c131a6d1e93cac45e7895ba86dd89,2401
- completed:
    hackage: integer-conversion-0.1.1@sha256:123d1b088404f0976500c68d8105978aa2e32908ce5508e32aebd237f0447c9f,2311
    pantry-tree:
      sha256: 815a2a36ac072ade5993866d4c90fe0d8cb3eb6332de6fcfbe537ddc391c467d
      size: 509
  original:
    hackage: integer-conversion-0.1.1@sha256:123d1b088404f0976500c68d8105978aa2e32908ce5508e32aebd237f0447c9f,2311
- completed:
    hackage: integer-logarithms-1.0.5@sha256:870ce80a2e704f179bcda12ee106389a484100fac1534abfd587aaaa51978e6b,2964
    pantry-tree:
      sha256: 5b217bbf96ef5487aad81cf1c61a1d1092f8e044403b554e201d8d8478568499
      size: 865
  original:
    hackage: integer-logarithms-1.0.5@sha256:870ce80a2e704f179bcda12ee106389a484100fac1534abfd587aaaa51978e6b,2964
- completed:
    hackage: invariant-0.6.5@sha256:96f6eec31b5ebd04d09dcc12e7a4f869bc920da72347b9578b0ecbe126125833,3319
    pantry-tree:
      sha256: 54ce82471099ac4ba94c0c74540c2fc2c272ecf2b2bb0b0d9bd863aec9659a94
      size: 650
  original:
    hackage: invariant-0.6.5@sha256:96f6eec31b5ebd04d09dcc12e7a4f869bc920da72347b9578b0ecbe126125833,3319
- completed:
    hackage: network-info-0.2.1@sha256:2798c2e4cc2c32108bd4b05efa921ce6f054ebc381c5e465c9bd74c7d538af17,1567
    pantry-tree:
      sha256: 46a5c6401b97f4e143e5c63521d1c4d880ed081e2ab2293f0508c4cb6a1b07e6
      size: 847
  original:
    hackage: network-info-0.2.1@sha256:2798c2e4cc2c32108bd4b05efa921ce6f054ebc381c5e465c9bd74c7d538af17,1567
- completed:
    hackage: network-uri-2.6.4.2@sha256:6fffb57373962b5651a2db8b0af732098b3bf029a7ced76a9855615de2026588,3217
    pantry-tree:
      sha256: 659f5e9fabda559f1aff6b64d04cf8adfd69bdda535c896fe90289f307a071c9
      size: 551
  original:
    hackage: network-uri-2.6.4.2@sha256:6fffb57373962b5651a2db8b0af732098b3bf029a7ced76a9855615de2026588,3217
- completed:
    hackage: parallel-3.3.0.0@sha256:7a4b82d3ad83e38f5b3be442ee32c9e17905ba9a813349fa76707fd0377e91aa,1849
    pantry-tree:
      sha256: c2170f3d46b899bde98acfa554577583668822bdf23cf785a00754ad9c27d226
      size: 392
  original:
    hackage: parallel-3.3.0.0@sha256:7a4b82d3ad83e38f5b3be442ee32c9e17905ba9a813349fa76707fd0377e91aa,1849
- completed:
    hackage: primitive-0.9.1.0@sha256:756b222c715bc6ef5ba81fa69cdbaa20c5c53beb6f16f174b8bacc93a6d239f0,3258
    pantry-tree:
      sha256: f3316dce468a892930234a85193674461341e77426e7c46c82448f363367a528
      size: 1793
  original:
    hackage: primitive-0.9.1.0@sha256:756b222c715bc6ef5ba81fa69cdbaa20c5c53beb6f16f174b8bacc93a6d239f0,3258
- completed:
    hackage: reflection-2.1.9@sha256:eaf28dc9884718a306ed1e0c215a24b36c68b8aa3be425617f66d886d43fe1e0,4171
    pantry-tree:
      sha256: cf3caee8e681914b6323fc0444ea2d51fb403fac0b77f77c7e866be68e73f16c
      size: 1060
  original:
    hackage: reflection-2.1.9@sha256:eaf28dc9884718a306ed1e0c215a24b36c68b8aa3be425617f66d886d43fe1e0,4171
- completed:
    hackage: scientific-0.3.8.1@sha256:11b0c3bcc572f08ddcb13bfad94df85e0323f39915e74cae2d7a205c631b4d30,4390
    pantry-tree:
      sha256: 95c2af5d6729b5d4a1c2c46f9103d415324386377f337be01eb70367524eb8a7
      size: 657
  original:
    hackage: scientific-0.3.8.1@sha256:11b0c3bcc572f08ddcb13bfad94df85e0323f39915e74cae2d7a205c631b4d30,4390
- completed:
    hackage: semialign-1.3.1@sha256:dfe515a9e43230f5308564a649a04ea1538499ed98b944644b77bed5394b9deb,2224
    pantry-tree:
      sha256: ca325144ff22c4fb6cda83d77a4e466a79e61f814869868582c778002b1bdaf0
      size: 537
  original:
    hackage: semialign-1.3.1@sha256:dfe515a9e43230f5308564a649a04ea1538499ed98b944644b77bed5394b9deb,2224
- completed:
    hackage: semigroupoids-6.0.2@sha256:52c5a346fdf74380618f67ff784989ef9078498dbbdff09e4d8e2fed20202e2c,7216
    pantry-tree:
      sha256: 97988befa7a35bd1421f2c221adf7fe2d9238d005254133a5b2063592e610fc2
      size: 2403
  original:
    hackage: semigroupoids-6.0.2@sha256:52c5a346fdf74380618f67ff784989ef9078498dbbdff09e4d8e2fed20202e2c,7216
- completed:
    hackage: semigroups-0.20.1@sha256:022cbc683e493d9f3ef0632fd22c03a56334950dd15101717f4a3a4d72e4d390,1417
    pantry-tree:
      sha256: f1dc8a106a6484a4af835ab7b59d9f8c14a416c8f87dc7394b55404e55fde4e2
      size: 341
  original:
    hackage: semigroups-0.20.1@sha256:022cbc683e493d9f3ef0632fd22c03a56334950dd15101717f4a3a4d72e4d390,1417
- completed:
    hackage: splitmix-0.1.3.2@sha256:a557cff65eed1f70f3a3b468423cd58e7a9a9564c5cc00c76a13de64dec9bcbd,3608
    pantry-tree:
      sha256: 95abfd61d6773801e9f18aa91bd5655cbc72b09d93525b98bafa17058f0351d8
      size: 880
  original:
    hackage: splitmix-0.1.3.2@sha256:a557cff65eed1f70f3a3b468423cd58e7a9a9564c5cc00c76a13de64dec9bcbd,3608
- completed:
    hackage: strict-0.5.1@sha256:58c373b7c7748cbb4a5a6c8c15073f99a1c10a9a9bb6894ac33f43a5cdb901f2,3557
    pantry-tree:
      sha256: 58e97bedb76e8678bf9851677362a8fe567b3d8021e8cd1e54af2ca99c23632f
      size: 654
  original:
    hackage: strict-0.5.1@sha256:58c373b7c7748cbb4a5a6c8c15073f99a1c10a9a9bb6894ac33f43a5cdb901f2,3557
- completed:
    hackage: tagged-0.8.10@sha256:e9b97c98e9827981d62f37c5febf9e6bbb67acec92b8bd41fd9f7ace5eb31d32,2201
    pantry-tree:
      sha256: 5ba1ff7ad9a676b89a2a6ab00ac2100f30a21440ef8e04094614ab5b5f494b3f
      size: 438
  original:
    hackage: tagged-0.8.10@sha256:e9b97c98e9827981d62f37c5febf9e6bbb67acec92b8bd41fd9f7ace5eb31d32,2201
- completed:
    hackage: tasty-1.5.4@sha256:49f8307d78c7d6b1959d4448152858efe102ca5e9b289be082b9bf221e798084,2759
    pantry-tree:
      sha256: d9479e14b5686d64d38c6bf9fe12a13c0f368a9af4b5e35e4aafa39e160d2ab0
      size: 1944
  original:
    hackage: tasty-1.5.4@sha256:49f8307d78c7d6b1959d4448152858efe102ca5e9b289be082b9bf221e798084,2759
- completed:
    hackage: text-iso8601-0.1.1@sha256:e07a625eef969338992bf9bba8e5dc73f07ac65f991ba636b8f1175890d15849,2411
    pantry-tree:
      sha256: 9c5a84ee44200595bcd73d22457ef245a7a09d6ba72e22e97123e8158ce8f036
      size: 427
  original:
    hackage: text-iso8601-0.1.1@sha256:e07a625eef969338992bf9bba8e5dc73f07ac65f991ba636b8f1175890d15849,2411
- completed:
    hackage: text-short-0.1.6.1@sha256:330b037a4f74c069e1ecfe0908baf8fb526526ef35f47922bd67ae2b3d886864,2799
    pantry-tree:
      sha256: f1ea2b2ed84a1dddc4360d187ef8a2a0b55c2757c8e35bf7af013100bf012d84
      size: 612
  original:
    hackage: text-short-0.1.6.1@sha256:330b037a4f74c069e1ecfe0908baf8fb526526ef35f47922bd67ae2b3d886864,2799
- completed:
    hackage: th-abstraction-0.7.2.0@sha256:380819d6e14645bf66af99b6ea3d3d4309c523c7d0ee376e0678042622f1c272,2181
    pantry-tree:
      sha256: b9fa4efe463e44c8675cb68e70bfd71131666870e6ceaa5367672704bc744754
      size: 671
  original:
    hackage: th-abstraction-0.7.2.0@sha256:380819d6e14645bf66af99b6ea3d3d4309c523c7d0ee376e0678042622f1c272,2181
- completed:
    hackage: time-compat-1.9.9@sha256:4f9f5f2a6193387ce91459191b54bf6319aad58c30a6edb3c4abae471ec29a2c,5268
    pantry-tree:
      sha256: afabdc9da46878ecc422f74b6853c5a95a408b3c12f4170c7c3c140288f7e2d2
      size: 4551
  original:
    hackage: time-compat-1.9.9@sha256:4f9f5f2a6193387ce91459191b54bf6319aad58c30a6edb3c4abae471ec29a2c,5268
- completed:
    hackage: transformers-base-0.4.6.1@sha256:09c9f8d77fccc3e9037b3585f068ff6156cf9b049932dbc40828f37a849b8e1d,1732
    pantry-tree:
      sha256: 3222b8a24c77dbf3fa23c542237231df27a3d7de56d45af695268198ddf90475
      size: 275
  original:
    hackage: transformers-base-0.4.6.1@sha256:09c9f8d77fccc3e9037b3585f068ff6156cf9b049932dbc40828f37a849b8e1d,1732
- completed:
    hackage: uuid-types-1.0.6@sha256:5ac2b681a8d7676f6a51ac1b113bfdcf18dd7fdbb313034850ed6493eef96da0,2619
    pantry-tree:
      sha256: 26843e0b54dd31c81614d7038da25777868156125410f7577a1afc1a4c2140a5
      size: 480
  original:
    hackage: uuid-types-1.0.6@sha256:5ac2b681a8d7676f6a51ac1b113bfdcf18dd7fdbb313034850ed6493eef96da0,2619
- completed:
    hackage: vector-stream-0.1.0.1@sha256:483be6df13c72169a917640589666f9fece7bea9fa13fcd41d052dab37ea289e,1642
    pantry-tree:
      sha256: 8f597e9033aaa83fabc206050fd54b1d702ad0760c20b7f56a781b8d7e614685
      size: 325
  original:
    hackage: vector-stream-0.1.0.1@sha256:483be6df13c72169a917640589666f9fece7bea9fa13fcd41d052dab37ea289e,1642
- completed:
    hackage: witherable-0.5@sha256:a5600431df5d297f098c322c7fbc2ece804e44ade0bb2022a838de24604d6275,2355
    pantry-tree:
      sha256: d33351eafc78b821508dbf3d2b0cd0f40897494d8fa8a1ee0febc1d527aeccff
      size: 321
  original:
    hackage: witherable-0.5@sha256:a5600431df5d297f098c322c7fbc2ece804e44ade0bb2022a838de24604d6275,2355
- completed:
    hackage: zlib-0.7.1.1@sha256:cf2f8f91b10b635bdaa2c3010f40a5562a06ede24b92d819758e7f1b7d04f9f2,5206
    pantry-tree:
      sha256: 5390028137a6d119300847be08ebb0063bfd00cfca856675bb0f0d6887f06fda
      size: 1519
  original:
    hackage: zlib-0.7.1.1@sha256:cf2f8f91b10b635bdaa2c3010f40a5562a06ede24b92d819758e7f1b7d04f9f2,5206
- completed:
    hackage: JuicyPixels-3.3.9@sha256:bf5797222c7f3580b84b43cef84a51237b30d6be00a010d94ede59deeda19e06,4047
    pantry-tree:
      sha256: f930d2607fb0f52765b57fe14668cff4e30ac30fa0c3af502b04c1d447fa2971
      size: 2724
  original:
    hackage: JuicyPixels-3.3.9@sha256:bf5797222c7f3580b84b43cef84a51237b30d6be00a010d94ede59deeda19e06,4047
- completed:
    hackage: active-0.2.1@sha256:2fb8837f62d0e99bddff7e8ecee92e128a3a65dd93e5f0e8e97992dfdc1db473,1687
    pantry-tree:
      sha256: dda1b0d4c754c74350a788ea6c2fa0671479782e7ed02d090622490bfec69640
      size: 1017
  original:
    hackage: active-0.2.1@sha256:2fb8837f62d0e99bddff7e8ecee92e128a3a65dd93e5f0e8e97992dfdc1db473,1687
- completed:
    hackage: adjunctions-4.4.4@sha256:2d827edceef6ffec0c7c767cfe21672d7d8586aa58549c13515ce23b350a6b1d,3042
    pantry-tree:
      sha256: b5f9f6e6d587853fe18f43e32eeebedc9f3b3a3ad72e3672ce58dd1e6eaf02d3
      size: 1391
  original:
    hackage: adjunctions-4.4.4@sha256:2d827edceef6ffec0c7c767cfe21672d7d8586aa58549c13515ce23b350a6b1d,3042
- completed:
    hackage: aeson-2.2.3.0@sha256:7d48c2395ef168d2c2070fdb02c7998384be27d31a03bb35d1740af4a19a857b,6368
    pantry-tree:
      sha256: 7c5ca620e1407b4bd0fbf3bf4cb20dc58eb194d49caa8a6cd1c349462989143a
      size: 83371
  original:
    hackage: aeson-2.2.3.0@sha256:7d48c2395ef168d2c2070fdb02c7998384be27d31a03bb35d1740af4a19a857b,6368
- completed:
    hackage: async-2.2.6@sha256:45d5587d8a348a7e2b3f04de963fe633db49b49cde10ca1e6f834bef3baecee9,3870
    pantry-tree:
      sha256: 33ad31cf67d331926b854f8868366ec7ad0cc0e0fe8c8f0627d156afc1625f3d
      size: 722
  original:
    hackage: async-2.2.6@sha256:45d5587d8a348a7e2b3f04de963fe633db49b49cde10ca1e6f834bef3baecee9,3870
- completed:
    hackage: barbies-2.1.1.0@sha256:ec928dbc06fa00e1f323b9b7f4f5ba3cffcaa1e0d7d3cc275789a40a5a32f053,3238
    pantry-tree:
      sha256: e525bd0174e7ea0402408d93f2282d291b7d8128ee488ecdeac541f52a66c258
      size: 3280
  original:
    hackage: barbies-2.1.1.0@sha256:ec928dbc06fa00e1f323b9b7f4f5ba3cffcaa1e0d7d3cc275789a40a5a32f053,3238
- completed:
    hackage: bifunctors-5.6.3@sha256:58f1d66db71ed9dd70648eaca1a0986b29354b3a69b5bfd729ce1a896766466e,3271
    pantry-tree:
      sha256: f2d043d4e507947c363e69083572c3e4b86daa93ca4271fcdaa4b453f0528d1b
      size: 1466
  original:
    hackage: bifunctors-5.6.3@sha256:58f1d66db71ed9dd70648eaca1a0986b29354b3a69b5bfd729ce1a896766466e,3271
- completed:
    hackage: comonad-5.0.10@sha256:e8606e010e306f41019026e94b0676993c175260d1d8908e4518b2b06a40272b,3443
    pantry-tree:
      sha256: 98be08915d9fb077804a014d4ec7bfe058af0d0125235fb1c5ad1f49a5f7ff85
      size: 1616
  original:
    hackage: comonad-5.0.10@sha256:e8606e010e306f41019026e94b0676993c175260d1d8908e4518b2b06a40272b,3443
- completed:
    hackage: constraints-0.14.4@sha256:31348c35fd0cc970b1f239cffbe44653c06cf81143227ec6ea0c01324519e0c7,2367
    pantry-tree:
      sha256: 85d738f32e30ee03fcef568142c0301ae94b79b5e2768278b621fa11463c3408
      size: 993
  original:
    hackage: constraints-0.14.4@sha256:31348c35fd0cc970b1f239cffbe44653c06cf81143227ec6ea0c01324519e0c7,2367
- completed:
    hackage: contravariant-1.5.6@sha256:288f1d3e6fb3adcf9f36f28ffa189673f2f1303812296dfb2523478ad31dd9e2,2182
    pantry-tree:
      sha256: 0723fa8376b781f80815d4022dc182070b088a2a33d9e7625d3f1b5a68f7a791
      size: 652
  original:
    hackage: contravariant-1.5.6@sha256:288f1d3e6fb3adcf9f36f28ffa189673f2f1303812296dfb2523478ad31dd9e2,2182
- completed:
    hackage: distributive-0.6.3@sha256:9dec7cd4dc49325f551b2f2bf2004cfe2454b211e5882265cc87880d4382b1f8,2342
    pantry-tree:
      sha256: c765117bbab05d71c228c55013b1311a2f0481c007c6b1f0ff9f515c16dac2d7
      size: 670
  original:
    hackage: distributive-0.6.3@sha256:9dec7cd4dc49325f551b2f2bf2004cfe2454b211e5882265cc87880d4382b1f8,2342
- completed:
    hackage: either-5.0.3@sha256:f586c20b7b15824fe9fbd25e163c26f8faf73709137e261fb0f4a5f8414b3603,1905
    pantry-tree:
      sha256: ee66726ba75d5f763826275a6e710f85f0c3c1630ff28b3b387a19c696c652e5
      size: 605
  original:
    hackage: either-5.0.3@sha256:f586c20b7b15824fe9fbd25e163c26f8faf73709137e261fb0f4a5f8414b3603,1905
- completed:
    hackage: extra-1.8.1@sha256:b9c360f2f3fbff5ca04656b7aa0a91b254ac7de7e4b959bae4688a178ffd79d1,2738
    pantry-tree:
      sha256: 2306b0cbd1f9e0538eb07d0123f34e660916182081cb4b53e85363a6f7a61998
      size: 1961
  original:
    hackage: extra-1.8.1@sha256:b9c360f2f3fbff5ca04656b7aa0a91b254ac7de7e4b959bae4688a178ffd79d1,2738
- completed:
    hackage: fgl-visualize-0.1.0.1@sha256:e682066053a6e75478a08fd6822dd0143a3b8ea23244bdb01dd389a266447c5e,995
    pantry-tree:
      sha256: 969d6b60ea298ffb81697dd350e76774a2f876103a147117f832400451ad2cc3
      size: 224
  original:
    hackage: fgl-visualize-0.1.0.1@sha256:e682066053a6e75478a08fd6822dd0143a3b8ea23244bdb01dd389a266447c5e,995
- completed:
    hackage: free-5.2@sha256:39ca01645f7c2f08ffd64226891c514bdc924a87da48f815f9fe77c2e0ac1164,4178
    pantry-tree:
      sha256: c0e2d18aac282ff3fb4febad1e78dfe1d8b0769ae62c799068e922c3ad55e97f
      size: 3130
  original:
    hackage: free-5.2@sha256:39ca01645f7c2f08ffd64226891c514bdc924a87da48f815f9fe77c2e0ac1164,4178
- completed:
    hackage: generic-lens-2.3.0.0@sha256:47d5d2c816e992e27ef8b3e84af7efd59be2fb556c15a1fe6832e2c53b7fa073,3866
    pantry-tree:
      sha256: 2257b49b2e858d18046218d45e07cbc0783e8602dc78c5e56848aba3a7682be7
      size: 2525
  original:
    hackage: generic-lens-2.3.0.0@sha256:47d5d2c816e992e27ef8b3e84af7efd59be2fb556c15a1fe6832e2c53b7fa073,3866
- completed:
    hackage: gloss-1.13.2.2@sha256:31467330073c706f28a640b1c891f527b11b5489f2566930a05f29fb872fd0ef,4099
    pantry-tree:
      sha256: b0271ac1e9b76774055098136432ac2cef706e12a55bfceaa682f361d102f236
      size: 3807
  original:
    hackage: gloss-1.13.2.2@sha256:31467330073c706f28a640b1c891f527b11b5489f2566930a05f29fb872fd0ef,4099
- completed:
    hackage: hashable-1.5.1.0@sha256:140fc5adad166f7b527567cbd26ff481e8da4a66bdfc84be3ddf28dbeb66f275,5787
    pantry-tree:
      sha256: e3bf67a89d9227d1e0c9a553ecd08f88d8ea492566ed78b30f8de05cf8699c2e
      size: 1578
  original:
    hackage: hashable-1.5.1.0@sha256:140fc5adad166f7b527567cbd26ff481e8da4a66bdfc84be3ddf28dbeb66f275,5787
- completed:
    hackage: kan-extensions-5.2.8@sha256:21c5b363a15426514acba3acceca2bf0d0d63272fddffd6b696010609ef4fa31,2511
    pantry-tree:
      sha256: d3b8cb3ffc240ddc401c361c6aece85ea74c6a91c7e2590641d4546030f028d8
      size: 1306
  original:
    hackage: kan-extensions-5.2.8@sha256:21c5b363a15426514acba3acceca2bf0d0d63272fddffd6b696010609ef4fa31,2511
- completed:
    hackage: lens-5.3.6@sha256:73d1a2cd63d19710ea512d54869ba1a395f59be946bad7f6168154b7c9e79070,14697
    pantry-tree:
      sha256: 933282c7186503913fc4f9653cde1017b4290a2616dd0e89822a49fc6631c35e
      size: 8405
  original:
    hackage: lens-5.3.6@sha256:73d1a2cd63d19710ea512d54869ba1a395f59be946bad7f6168154b7c9e79070,14697
- completed:
    hackage: linear-1.23.3@sha256:ecfb8dbe34c7c5afbe6a3d34b8bc3d028f628e709e5e255542ab9e9d4b49fa9a,4085
    pantry-tree:
      sha256: 55d69efd3b4ceaed6e8c084e79559777a1690aba0ca1240e5767cab0c5de06eb
      size: 2171
  original:
    hackage: linear-1.23.3@sha256:ecfb8dbe34c7c5afbe6a3d34b8bc3d028f628e709e5e255542ab9e9d4b49fa9a,4085
- completed:
    hackage: logict-0.8.2.0@sha256:24e023b7c75cbf61d1c94c84479949dc4715dbce0824fa7562396679f56a2647,1722
    pantry-tree:
      sha256: 8e14b991354a8b1e94e55c8775e81fee950f221b3afdef606e176cce77c1938e
      size: 504
  original:
    hackage: logict-0.8.2.0@sha256:24e023b7c75cbf61d1c94c84479949dc4715dbce0824fa7562396679f56a2647,1722
- completed:
    hackage: profunctors-5.6.3@sha256:bfdb8c8b8cd4390e30219219edaff6ae7f428516f7338f0b7c39cb16b84bad2c,2408
    pantry-tree:
      sha256: e8f5f68ed5500e294baed4d2be9d7b494be316ab5b86016bf7b72d9ed0f79aa7
      size: 1588
  original:
    hackage: profunctors-5.6.3@sha256:bfdb8c8b8cd4390e30219219edaff6ae7f428516f7338f0b7c39cb16b84bad2c,2408
- completed:
    hackage: random-1.3.1@sha256:0b4f649c3e78713b2ccad1535251ee34b148237fb2229d7058c2b1d9ccc324b8,6004
    pantry-tree:
      sha256: 9e92209c00b0c00b7d1c503e15a27b67b74ac2e3b48269a9255893b06de6836c
      size: 1667
  original:
    hackage: random-1.3.1@sha256:0b4f649c3e78713b2ccad1535251ee34b148237fb2229d7058c2b1d9ccc324b8,6004
- completed:
    hackage: these-1.2.1@sha256:35c57aede96c15ea1fed559ac287b1168eb2b2869d79e62ed8c845780b7ea136,2294
    pantry-tree:
      sha256: dc6366ac715dfdf5338a615f71b9ed0542c403a6afcbedcddbc879e947aea6b3
      size: 351
  original:
    hackage: these-1.2.1@sha256:35c57aede96c15ea1fed559ac287b1168eb2b2869d79e62ed8c845780b7ea136,2294
- completed:
    hackage: unordered-containers-0.2.21@sha256:c5de1fb3377ed3c5f4cd851a771d1acc5c37d2f6bef0a499295c0e8857da5605,3987
    pantry-tree:
      sha256: e60c9f5dcacee1c8230534bc7d29224015341c956b63464fb7884a6de8b3614d
      size: 1779
  original:
    hackage: unordered-containers-0.2.21@sha256:c5de1fb3377ed3c5f4cd851a771d1acc5c37d2f6bef0a499295c0e8857da5605,3987
- completed:
    hackage: uuid-1.3.16@sha256:d9b015a3498d4c0542501099491899c0f3df8ec1ff3709cd6e178127e99c7794,2593
    pantry-tree:
      sha256: 22a52719395454eb13503fb8f095ec32af02b462bae943ac59eb5163d2e3e7e6
      size: 739
  original:
    hackage: uuid-1.3.16@sha256:d9b015a3498d4c0542501099491899c0f3df8ec1ff3709cd6e178127e99c7794,2593
- completed:
    hackage: vector-0.13.2.0@sha256:9ac338c8da52d8a37db08434ca4480fef2cea4f9aac240f4f994bb467f5275b4,8804
    pantry-tree:
      sha256: 9bc1265c2469283d87c2ebffeac07fc923fe4a1e99c1cf31fd1890afb002f8a9
      size: 4478
  original:
    hackage: vector-0.13.2.0@sha256:9ac338c8da52d8a37db08434ca4480fef2cea4f9aac240f4f994bb467f5275b4,8804
- completed:
    hackage: GLURaw-2.0.0.5@sha256:eaa04b8afa8159d50558a30074c1ee8ae8fce96b0261a886e170025453157bae,2408
    pantry-tree:
      sha256: b30da946e93c73ffeb067f7c2d2b2ece9abd2222aae6375949b73bae03b64661
      size: 712
  original:
    hackage: GLURaw-2.0.0.5@sha256:eaa04b8afa8159d50558a30074c1ee8ae8fce96b0261a886e170025453157bae,2408
- completed:
    hackage: ObjectName-1.1.0.2@sha256:ede9e59944db8e67ea0301b41b60b410cb83bc57eddaf13b13f00c386c7cb94f,1247
    pantry-tree:
      sha256: a61e517ec2149e99595f478e9b95ae2e10dbd15aa9c81efeca8c149fc087e378
      size: 265
  original:
    hackage: ObjectName-1.1.0.2@sha256:ede9e59944db8e67ea0301b41b60b410cb83bc57eddaf13b13f00c386c7cb94f,1247
- completed:
    hackage: OpenGLRaw-3.3.4.1@sha256:01b745fbd269fc96d982c3c915c5559793457ff02f9f6cce3ee259aed97378f1,26636
    pantry-tree:
      sha256: c52f3a35c498afac5edfa5f68d3817c54e246eacd7ca7a0a1a0b49e5262049a8
      size: 48782
  original:
    hackage: OpenGLRaw-3.3.4.1@sha256:01b745fbd269fc96d982c3c915c5559793457ff02f9f6cce3ee259aed97378f1,26636
- completed:
    hackage: ansi-terminal-1.1.5@sha256:408d9232e5304efead718f96138d6d7eb2da608c6121c5c0dc6a71a833b14320,3327
    pantry-tree:
      sha256: 081bff43a1d384922a9d9b7b27c96c1fa0ecadbd4dfe0e801b2931e06ee4b50f
      size: 1111
  original:
    hackage: ansi-terminal-1.1.5@sha256:408d9232e5304efead718f96138d6d7eb2da608c6121c5c0dc6a71a833b14320,3327
- completed:
    hackage: binary-orphans-1.0.5@sha256:1217df567aae672d09979480c362d27559d226081b9b9bc4107d4af008da1f5f,1997
    pantry-tree:
      sha256: 4ff72344fa0592e3da7cc3361383bd64541c3487328e5369adda187f1c999255
      size: 285
  original:
    hackage: binary-orphans-1.0.5@sha256:1217df567aae672d09979480c362d27559d226081b9b9bc4107d4af008da1f5f,1997
- completed:
    hackage: indexed-profunctors-0.1.1.1@sha256:c9beac8df06dda097d9dc7a8d60f9e5fb6ecaf56c40938bb30b132ee09f15c87,2169
    pantry-tree:
      sha256: da9f39b4ff30fd41a6514e8325d2af19091d6387b479370de3ee36f5c34b15e3
      size: 287
  original:
    hackage: indexed-profunctors-0.1.1.1@sha256:c9beac8df06dda097d9dc7a8d60f9e5fb6ecaf56c40938bb30b132ee09f15c87,2169
- completed:
    hackage: optparse-applicative-0.19.0.0@sha256:0b47b3ff7eb4a855b5f7d401690365fc62a32057374927ce0d478b620996222d,5813
    pantry-tree:
      sha256: 91733e6f053044a8b0dad22808cffb83f745299293312659c95a38edc79aadeb
      size: 4091
  original:
    hackage: optparse-applicative-0.19.0.0@sha256:0b47b3ff7eb4a855b5f7d401690365fc62a32057374927ce0d478b620996222d,5813
- completed:
    hackage: th-compat-0.1.7@sha256:449be09a4e3f46ea4645700c026624c4b6f066f508187326c284dbdea8884bc9,2920
    pantry-tree:
      sha256: ab2deb131cdf0ee3671323f6bfa040078779f3284bd3169ada20dfdee15daa1e
      size: 530
  original:
    hackage: th-compat-0.1.7@sha256:449be09a4e3f46ea4645700c026624c4b6f066f508187326c284dbdea8884bc9,2920
- completed:
    hackage: transformers-compat-0.8@sha256:246d2d55c4970592fb68d9d9282d1af719729af1a883c1c5b74fdd49d50866dc,3762
    pantry-tree:
      sha256: 5d5c99408af0ab2b0b7bfc0754e37bb19b73d2c3efe7ccd6ae5c1a954422615b
      size: 1225
  original:
    hackage: transformers-compat-0.8@sha256:246d2d55c4970592fb68d9d9282d1af719729af1a883c1c5b74fdd49d50866dc,3762
- completed:
    hackage: ansi-terminal-types-1.1.3@sha256:1d6061eceaf35a9ed269b81177dd4c8c60403a499526f7f68fdffa4ec7842e7f,1523
    pantry-tree:
      sha256: 99497d3d290b931b8aa15e341f74c14b9da8312f7610987973f634c68f640c69
      size: 365
  original:
    hackage: ansi-terminal-types-1.1.3@sha256:1d6061eceaf35a9ed269b81177dd4c8c60403a499526f7f68fdffa4ec7842e7f,1523
- completed:
    hackage: colour-2.3.7@sha256:613dc8d5f6e51babe57398a742ab8d5c2964fa98b773f3bf6e6a72b7e87f1c6e,2543
    pantry-tree:
      sha256: b6b3366afeea52d581649cb8f6cb709a7ca94bfd62366b4d063dc73897fc6b94
      size: 1241
  original:
    hackage: colour-2.3.7@sha256:613dc8d5f6e51babe57398a742ab8d5c2964fa98b773f3bf6e6a72b7e87f1c6e,2543
- completed:
    hackage: fixed-0.3@sha256:f76bb14011911bdd9d71ecc16ffc8000821adfefdd48b38f952b2484900f37f6,868
    pantry-tree:
      sha256: 6ab63adf4af4b898400af30d98bc31669c8509c20067ccd04831264991bc78b2
      size: 426
  original:
    hackage: fixed-0.3@sha256:f76bb14011911bdd9d71ecc16ffc8000821adfefdd48b38f952b2484900f37f6,868
- completed:
    hackage: half-0.3.3@sha256:b39549b7f8cd419ac22d9c49f0837d7abc0670cddf7f42f449b10e576dc1c2cb,2011
    pantry-tree:
      sha256: d4d228c703f00f3b649dccd81059fb88420dcbb4e7d1e81433d09efefbb784da
      size: 501
  original:
    hackage: half-0.3.3@sha256:b39549b7f8cd419ac22d9c49f0837d7abc0670cddf7f42f449b10e576dc1c2cb,2011
- completed:
    hackage: prettyprinter-1.7.1@sha256:9c43c9d8c3cd9f445596e5a2379574bba87f935a4d1fa41b5407ee3cf4edc743,6987
    pantry-tree:
      sha256: cd6f393bf7cba603a1958a139915fc343efd5488e36fd7b3b5c6956c002d04fa
      size: 3460
  original:
    hackage: prettyprinter-1.7.1@sha256:9c43c9d8c3cd9f445596e5a2379574bba87f935a4d1fa41b5407ee3cf4edc743,6987
- completed:
    hackage: prettyprinter-ansi-terminal-1.1.3@sha256:b00f727b964cf13adff7acf575a71fa7e405f5240aff50b07f10df76ab89f8d3,2574
    pantry-tree:
      sha256: b5d276267049502c72fdcd2f1d84c15b3598160d61de0482a2e5bb62c40bd4ea
      size: 820
  original:
    hackage: prettyprinter-ansi-terminal-1.1.3@sha256:b00f727b964cf13adff7acf575a71fa7e405f5240aff50b07f10df76ab89f8d3,2574
snapshots: []
